
Microsoft Visual Studio Solution File, Format Version 12.00
# Visual Studio Version 16
VisualStudioVersion = 16.0.31410.357
MinimumVisualStudioVersion = 10.0.40219.1
Project("{FAE04EC0-301F-11D3-BF4B-00C04F79EFBC}") = "Strings", "Strings\Strings.csproj", "{8AEFD5E1-A90E-435A-AE42-4C136733FFDE}"
EndProject
Global
	GlobalSection(SolutionConfigurationPlatforms) = preSolution
		Debug|Any CPU = Debug|Any CPU
		Release|Any CPU = Release|Any CPU
	EndGlobalSection
	GlobalSection(ProjectConfigurationPlatforms) = postSolution
		{8AEFD5E1-A90E-435A-AE42-4C136733FFDE}.Debug|Any CPU.ActiveCfg = Debug|Any CPU
		{8AEFD5E1-A90E-435A-AE42-4C136733FFDE}.Debug|Any CPU.Build.0 = Debug|Any CPU
		{8AEFD5E1-A90E-435A-AE42-4C136733FFDE}.Release|Any CPU.ActiveCfg = Release|Any CPU
		{8AEFD5E1-A90E-435A-AE42-4C136733FFDE}.Release|Any CPU.Build.0 = Release|Any CPU
	EndGlobalSection
	GlobalSection(SolutionProperties) = preSolution
		HideSolutionNode = FALSE
	EndGlobalSection
	GlobalSection(ExtensibilityGlobals) = postSolution
		SolutionGuid = {449482E2-64DF-4ABB-94D4-846389002C5C}
	EndGlobalSection
EndGlobal
