
Microsoft Visual Studio Solution File, Format Version 12.00
# Visual Studio Version 16
VisualStudioVersion = 16.0.31410.357
MinimumVisualStudioVersion = 10.0.40219.1
Project("{FAE04EC0-301F-11D3-BF4B-00C04F79EFBC}") = "debuggingVS", "debuggingVS\debuggingVS.csproj", "{1F10960E-3FB6-4F56-8A3C-7FB20506BCAB}"
EndProject
Global
	GlobalSection(SolutionConfigurationPlatforms) = preSolution
		Debug|Any CPU = Debug|Any CPU
		Release|Any CPU = Release|Any CPU
	EndGlobalSection
	GlobalSection(ProjectConfigurationPlatforms) = postSolution
		{1F10960E-3FB6-4F56-8A3C-7FB20506BCAB}.Debug|Any CPU.ActiveCfg = Debug|Any CPU
		{1F10960E-3FB6-4F56-8A3C-7FB20506BCAB}.Debug|Any CPU.Build.0 = Debug|Any CPU
		{1F10960E-3FB6-4F56-8A3C-7FB20506BCAB}.Release|Any CPU.ActiveCfg = Release|Any CPU
		{1F10960E-3FB6-4F56-8A3C-7FB20506BCAB}.Release|Any CPU.Build.0 = Release|Any CPU
	EndGlobalSection
	GlobalSection(SolutionProperties) = preSolution
		HideSolutionNode = FALSE
	EndGlobalSection
	GlobalSection(ExtensibilityGlobals) = postSolution
		SolutionGuid = {FE3F37C0-7070-4EAC-BE7B-D985674783DD}
	EndGlobalSection
EndGlobal
