
Microsoft Visual Studio Solution File, Format Version 12.00
# Visual Studio Version 16
VisualStudioVersion = 16.0.810.3
MinimumVisualStudioVersion = 10.0.40219.1
Project("{FAE04EC0-301F-11D3-BF4B-00C04F79EFBC}") = "TypeConversion", "TypeConversion\TypeConversion.csproj", "{8678E1CF-B0B2-43FC-A7A2-CF30A1792740}"
EndProject
Global
	GlobalSection(SolutionConfigurationPlatforms) = preSolution
		Debug|Any CPU = Debug|Any CPU
		Release|Any CPU = Release|Any CPU
	EndGlobalSection
	GlobalSection(ProjectConfigurationPlatforms) = postSolution
		{8678E1CF-B0B2-43FC-A7A2-CF30A1792740}.Debug|Any CPU.ActiveCfg = Debug|Any CPU
		{8678E1CF-B0B2-43FC-A7A2-CF30A1792740}.Debug|Any CPU.Build.0 = Debug|Any CPU
		{8678E1CF-B0B2-43FC-A7A2-CF30A1792740}.Release|Any CPU.ActiveCfg = Release|Any CPU
		{8678E1CF-B0B2-43FC-A7A2-CF30A1792740}.Release|Any CPU.Build.0 = Release|Any CPU
	EndGlobalSection
	GlobalSection(SolutionProperties) = preSolution
		HideSolutionNode = FALSE
	EndGlobalSection
	GlobalSection(ExtensibilityGlobals) = postSolution
		SolutionGuid = {064E175F-7EF7-43D9-9425-3F27F04FCC05}
	EndGlobalSection
EndGlobal
