
Microsoft Visual Studio Solution File, Format Version 12.00
# Visual Studio Version 16
VisualStudioVersion = 16.0.810.3
MinimumVisualStudioVersion = 10.0.40219.1
Project("{FAE04EC0-301F-11D3-BF4B-00C04F79EFBC}") = "Variables", "Variables\Variables.csproj", "{8B877279-EDD8-48A7-A800-96A756CD97B2}"
EndProject
Global
	GlobalSection(SolutionConfigurationPlatforms) = preSolution
		Debug|Any CPU = Debug|Any CPU
		Release|Any CPU = Release|Any CPU
	EndGlobalSection
	GlobalSection(ProjectConfigurationPlatforms) = postSolution
		{8B877279-EDD8-48A7-A800-96A756CD97B2}.Debug|Any CPU.ActiveCfg = Debug|Any CPU
		{8B877279-EDD8-48A7-A800-96A756CD97B2}.Debug|Any CPU.Build.0 = Debug|Any CPU
		{8B877279-EDD8-48A7-A800-96A756CD97B2}.Release|Any CPU.ActiveCfg = Release|Any CPU
		{8B877279-EDD8-48A7-A800-96A756CD97B2}.Release|Any CPU.Build.0 = Release|Any CPU
	EndGlobalSection
	GlobalSection(SolutionProperties) = preSolution
		HideSolutionNode = FALSE
	EndGlobalSection
	GlobalSection(ExtensibilityGlobals) = postSolution
		SolutionGuid = {AA6452B4-1A3B-452A-BC95-8B79813DEC58}
	EndGlobalSection
EndGlobal
